
Microsoft Visual Studio Solution File, Format Version 12.00
# Visual Studio Version 17
VisualStudioVersion = 17.4.33103.184
MinimumVisualStudioVersion = 10.0.40219.1
Project("{FAE04EC0-301F-11D3-BF4B-00C04F79EFBC}") = "first Assigment", "first Assigment\first Assigment.csproj", "{382DD638-4564-433E-8DB3-3F4A2DD9B062}"
EndProject
Global
	GlobalSection(SolutionConfigurationPlatforms) = preSolution
		Debug|Any CPU = Debug|Any CPU
		Release|Any CPU = Release|Any CPU
	EndGlobalSection
	GlobalSection(ProjectConfigurationPlatforms) = postSolution
		{382DD638-4564-433E-8DB3-3F4A2DD9B062}.Debug|Any CPU.ActiveCfg = Debug|Any CPU
		{382DD638-4564-433E-8DB3-3F4A2DD9B062}.Debug|Any CPU.Build.0 = Debug|Any CPU
		{382DD638-4564-433E-8DB3-3F4A2DD9B062}.Release|Any CPU.ActiveCfg = Release|Any CPU
		{382DD638-4564-433E-8DB3-3F4A2DD9B062}.Release|Any CPU.Build.0 = Release|Any CPU
	EndGlobalSection
	GlobalSection(SolutionProperties) = preSolution
		HideSolutionNode = FALSE
	EndGlobalSection
	GlobalSection(ExtensibilityGlobals) = postSolution
		SolutionGuid = {5B251DA2-ABE9-46EB-82CA-5A4B96BC589C}
	EndGlobalSection
EndGlobal
